PODS:
  - AKShareServicePlugin (0.1.0)

DEPENDENCIES:
  - AKShareServicePlugin (from `../`)

EXTERNAL SOURCES:
  AKShareServicePlugin:
    :path: ../

SPEC CHECKSUMS:
  AKShareServicePlugin: a260b4989d081e9e4fd766d0777e3dcbce869f34

PODFILE CHECKSUM: d594c1811937a58f0a06d6036748c446bc584e17

COCOAPODS: 1.4.0
