// !$*UTF8*$!
{
	archiveVersion = 1;
	classes = {
	};
	objectVersion = 51;
	objects = {

/* Begin PBXBuildFile section */
		2B120D9725C7D2C700F959C2 /* AppDelegate.m in Sources */ = {isa = PBXBuildFile; fileRef = 2B120D9625C7D2C700F959C2 /* AppDelegate.m */; };
		2B120D9A25C7D2C700F959C2 /* SceneDelegate.m in Sources */ = {isa = PBXBuildFile; fileRef = 2B120D9925C7D2C700F959C2 /* SceneDelegate.m */; };
		2B120D9D25C7D2C700F959C2 /* ViewController.m in Sources */ = {isa = PBXBuildFile; fileRef = 2B120D9C25C7D2C700F959C2 /* ViewController.m */; };
		2B120DA025C7D2C700F959C2 /* Main.storyboard in Resources */ = {isa = PBXBuildFile; fileRef = 2B120D9E25C7D2C700F959C2 /* Main.storyboard */; };
		2B120DA225C7D2C700F959C2 /* Assets.xcassets in Resources */ = {isa = PBXBuildFile; fileRef = 2B120DA125C7D2C700F959C2 /* Assets.xcassets */; };
		2B120DA525C7D2C700F959C2 /* LaunchScreen.storyboard in Resources */ = {isa = PBXBuildFile; fileRef = 2B120DA325C7D2C700F959C2 /* LaunchScreen.storyboard */; };
		2B120DA825C7D2C700F959C2 /* main.m in Sources */ = {isa = PBXBuildFile; fileRef = 2B120DA725C7D2C700F959C2 /* main.m */; };
		2B120DB225C7D2C800F959C2 /* MyCollectionViewTestTests.m in Sources */ = {isa = PBXBuildFile; fileRef = 2B120DB125C7D2C800F959C2 /* MyCollectionViewTestTests.m */; };
		2B120DBD25C7D2C800F959C2 /* MyCollectionViewTestUITests.m in Sources */ = {isa = PBXBuildFile; fileRef = 2B120DBC25C7D2C800F959C2 /* MyCollectionViewTestUITests.m */; };
		2B120DD925C7DDCB00F959C2 /* MyCollectionViewCell.m in Sources */ = {isa = PBXBuildFile; fileRef = 2B120DD825C7DDCB00F959C2 /* MyCollectionViewCell.m */; };
		2B17B55425C92771009CEDCD /* CircleLayout.m in Sources */ = {isa = PBXBuildFile; fileRef = 2B17B55325C92771009CEDCD /* CircleLayout.m */; };
		2B17B55A25C92DCD009CEDCD /* SecondView.m in Sources */ = {isa = PBXBuildFile; fileRef = 2B17B55925C92DCD009CEDCD /* SecondView.m */; };
		76A2C2336182D2D846751F76 /* Pods_MyCollectionViewTestUITests.framework in Frameworks */ = {isa = PBXBuildFile; fileRef = 2DC3FA1693D1434A9E97DC0F /* Pods_MyCollectionViewTestUITests.framework */; };
		9C73E28CD07A5C6F7B45712D /* Pods_MyCollectionViewTestTests.framework in Frameworks */ = {isa = PBXBuildFile; fileRef = 105BE131E9B3DDA80E31F3B8 /* Pods_MyCollectionViewTestTests.framework */; };
		A70D57DD3DFA3AE0BEAD6E26 /* Pods_MyCollectionViewTest.framework in Frameworks */ = {isa = PBXBuildFile; fileRef = 13EC770A7A006581454609C8 /* Pods_MyCollectionViewTest.framework */; };
/* End PBXBuildFile section */

/* Begin PBXContainerItemProxy section */
		2B120DAE25C7D2C800F959C2 /* PBXContainerItemProxy */ = {
			isa = PBXContainerItemProxy;
			containerPortal = 2B120D8A25C7D2C700F959C2 /* Project object */;
			proxyType = 1;
			remoteGlobalIDString = 2B120D9125C7D2C700F959C2;
			remoteInfo = MyCollectionViewTest;
		};
		2B120DB925C7D2C800F959C2 /* PBXContainerItemProxy */ = {
			isa = PBXContainerItemProxy;
			containerPortal = 2B120D8A25C7D2C700F959C2 /* Project object */;
			proxyType = 1;
			remoteGlobalIDString = 2B120D9125C7D2C700F959C2;
			remoteInfo = MyCollectionViewTest;
		};
/* End PBXContainerItemProxy section */

/* Begin PBXFileReference section */
		105BE131E9B3DDA80E31F3B8 /* Pods_MyCollectionViewTestTests.framework */ = {isa = PBXFileReference; explicitFileType = wrapper.framework; includeInIndex = 0; path = Pods_MyCollectionViewTestTests.framework; sourceTree = BUILT_PRODUCTS_DIR; };
		13EC770A7A006581454609C8 /* Pods_MyCollectionViewTest.framework */ = {isa = PBXFileReference; explicitFileType = wrapper.framework; includeInIndex = 0; path = Pods_MyCollectionViewTest.framework; sourceTree = BUILT_PRODUCTS_DIR; };
		2472B694D6C9822F82DE71EF /* Pods-MyCollectionViewTestUITests.debug.xcconfig */ = {isa = PBXFileReference; includeInIndex = 1; lastKnownFileType = text.xcconfig; name = "Pods-MyCollectionViewTestUITests.debug.xcconfig"; path = "Target Support Files/Pods-MyCollectionViewTestUITests/Pods-MyCollectionViewTestUITests.debug.xcconfig"; sourceTree = "<group>"; };
		2B120D9225C7D2C700F959C2 /* MyCollectionViewTest.app */ = {isa = PBXFileReference; explicitFileType = wrapper.application; includeInIndex = 0; path = MyCollectionViewTest.app; sourceTree = BUILT_PRODUCTS_DIR; };
		2B120D9525C7D2C700F959C2 /* AppDelegate.h */ = {isa = PBXFileReference; lastKnownFileType = sourcecode.c.h; path = AppDelegate.h; sourceTree = "<group>"; };
		2B120D9625C7D2C700F959C2 /* AppDelegate.m */ = {isa = PBXFileReference; lastKnownFileType = sourcecode.c.objc; path = AppDelegate.m; sourceTree = "<group>"; };
		2B120D9825C7D2C700F959C2 /* SceneDelegate.h */ = {isa = PBXFileReference; lastKnownFileType = sourcecode.c.h; path = SceneDelegate.h; sourceTree = "<group>"; };
		2B120D9925C7D2C700F959C2 /* SceneDelegate.m */ = {isa = PBXFileReference; lastKnownFileType = sourcecode.c.objc; path = SceneDelegate.m; sourceTree = "<group>"; };
		2B120D9B25C7D2C700F959C2 /* ViewController.h */ = {isa = PBXFileReference; lastKnownFileType = sourcecode.c.h; path = ViewController.h; sourceTree = "<group>"; };
		2B120D9C25C7D2C700F959C2 /* ViewController.m */ = {isa = PBXFileReference; lastKnownFileType = sourcecode.c.objc; path = ViewController.m; sourceTree = "<group>"; };
		2B120D9F25C7D2C700F959C2 /* Base */ = {isa = PBXFileReference; lastKnownFileType = file.storyboard; name = Base; path = Base.lproj/Main.storyboard; sourceTree = "<group>"; };
		2B120DA125C7D2C700F959C2 /* Assets.xcassets */ = {isa = PBXFileReference; lastKnownFileType = folder.assetcatalog; path = Assets.xcassets; sourceTree = "<group>"; };
		2B120DA425C7D2C700F959C2 /* Base */ = {isa = PBXFileReference; lastKnownFileType = file.storyboard; name = Base; path = Base.lproj/LaunchScreen.storyboard; sourceTree = "<group>"; };
		2B120DA625C7D2C700F959C2 /* Info.plist */ = {isa = PBXFileReference; lastKnownFileType = text.plist.xml; path = Info.plist; sourceTree = "<group>"; };
		2B120DA725C7D2C700F959C2 /* main.m */ = {isa = PBXFileReference; lastKnownFileType = sourcecode.c.objc; path = main.m; sourceTree = "<group>"; };
		2B120DAD25C7D2C800F959C2 /* MyCollectionViewTestTests.xctest */ = {isa = PBXFileReference; explicitFileType = wrapper.cfbundle; includeInIndex = 0; path = MyCollectionViewTestTests.xctest; sourceTree = BUILT_PRODUCTS_DIR; };
		2B120DB125C7D2C800F959C2 /* MyCollectionViewTestTests.m */ = {isa = PBXFileReference; lastKnownFileType = sourcecode.c.objc; path = MyCollectionViewTestTests.m; sourceTree = "<group>"; };
		2B120DB325C7D2C800F959C2 /* Info.plist */ = {isa = PBXFileReference; lastKnownFileType = text.plist.xml; path = Info.plist; sourceTree = "<group>"; };
		2B120DB825C7D2C800F959C2 /* MyCollectionViewTestUITests.xctest */ = {isa = PBXFileReference; explicitFileType = wrapper.cfbundle; includeInIndex = 0; path = MyCollectionViewTestUITests.xctest; sourceTree = BUILT_PRODUCTS_DIR; };
		2B120DBC25C7D2C800F959C2 /* MyCollectionViewTestUITests.m */ = {isa = PBXFileReference; lastKnownFileType = sourcecode.c.objc; path = MyCollectionViewTestUITests.m; sourceTree = "<group>"; };
		2B120DBE25C7D2C800F959C2 /* Info.plist */ = {isa = PBXFileReference; lastKnownFileType = text.plist.xml; path = Info.plist; sourceTree = "<group>"; };
		2B120DD725C7DDCB00F959C2 /* MyCollectionViewCell.h */ = {isa = PBXFileReference; lastKnownFileType = sourcecode.c.h; path = MyCollectionViewCell.h; sourceTree = "<group>"; };
		2B120DD825C7DDCB00F959C2 /* MyCollectionViewCell.m */ = {isa = PBXFileReference; lastKnownFileType = sourcecode.c.objc; path = MyCollectionViewCell.m; sourceTree = "<group>"; };
		2B17B55225C92771009CEDCD /* CircleLayout.h */ = {isa = PBXFileReference; lastKnownFileType = sourcecode.c.h; path = CircleLayout.h; sourceTree = "<group>"; };
		2B17B55325C92771009CEDCD /* CircleLayout.m */ = {isa = PBXFileReference; lastKnownFileType = sourcecode.c.objc; path = CircleLayout.m; sourceTree = "<group>"; };
		2B17B55825C92DCD009CEDCD /* SecondView.h */ = {isa = PBXFileReference; lastKnownFileType = sourcecode.c.h; path = SecondView.h; sourceTree = "<group>"; };
		2B17B55925C92DCD009CEDCD /* SecondView.m */ = {isa = PBXFileReference; lastKnownFileType = sourcecode.c.objc; path = SecondView.m; sourceTree = "<group>"; };
		2DC3FA1693D1434A9E97DC0F /* Pods_MyCollectionViewTestUITests.framework */ = {isa = PBXFileReference; explicitFileType = wrapper.framework; includeInIndex = 0; path = Pods_MyCollectionViewTestUITests.framework; sourceTree = BUILT_PRODUCTS_DIR; };
		3DE9DE0F78111D9CAF80AA31 /* Pods-MyCollectionViewTestTests.release.xcconfig */ = {isa = PBXFileReference; includeInIndex = 1; lastKnownFileType = text.xcconfig; name = "Pods-MyCollectionViewTestTests.release.xcconfig"; path = "Target Support Files/Pods-MyCollectionViewTestTests/Pods-MyCollectionViewTestTests.release.xcconfig"; sourceTree = "<group>"; };
		5D4DA62640CFE83D89B2D6D7 /* Pods-MyCollectionViewTestUITests.release.xcconfig */ = {isa = PBXFileReference; includeInIndex = 1; lastKnownFileType = text.xcconfig; name = "Pods-MyCollectionViewTestUITests.release.xcconfig"; path = "Target Support Files/Pods-MyCollectionViewTestUITests/Pods-MyCollectionViewTestUITests.release.xcconfig"; sourceTree = "<group>"; };
		759B19BD8631634B5382EC65 /* Pods-MyCollectionViewTest.release.xcconfig */ = {isa = PBXFileReference; includeInIndex = 1; lastKnownFileType = text.xcconfig; name = "Pods-MyCollectionViewTest.release.xcconfig"; path = "Target Support Files/Pods-MyCollectionViewTest/Pods-MyCollectionViewTest.release.xcconfig"; sourceTree = "<group>"; };
		B58BEA8A39E742CCADE068A3 /* Pods-MyCollectionViewTestTests.debug.xcconfig */ = {isa = PBXFileReference; includeInIndex = 1; lastKnownFileType = text.xcconfig; name = "Pods-MyCollectionViewTestTests.debug.xcconfig"; path = "Target Support Files/Pods-MyCollectionViewTestTests/Pods-MyCollectionViewTestTests.debug.xcconfig"; sourceTree = "<group>"; };
		DB4265DA3A5E3DA4AB481116 /* Pods-MyCollectionViewTest.debug.xcconfig */ = {isa = PBXFileReference; includeInIndex = 1; lastKnownFileType = text.xcconfig; name = "Pods-MyCollectionViewTest.debug.xcconfig"; path = "Target Support Files/Pods-MyCollectionViewTest/Pods-MyCollectionViewTest.debug.xcconfig"; sourceTree = "<group>"; };
/* End PBXFileReference section */

/* Begin PBXFrameworksBuildPhase section */
		2B120D8F25C7D2C700F959C2 /* Frameworks */ = {
			isa = PBXFrameworksBuildPhase;
			buildActionMask = 2147483647;
			files = (
				A70D57DD3DFA3AE0BEAD6E26 /* Pods_MyCollectionViewTest.framework in Frameworks */,
			);
			runOnlyForDeploymentPostprocessing = 0;
		};
		2B120DAA25C7D2C800F959C2 /* Frameworks */ = {
			isa = PBXFrameworksBuildPhase;
			buildActionMask = 2147483647;
			files = (
				9C73E28CD07A5C6F7B45712D /* Pods_MyCollectionViewTestTests.framework in Frameworks */,
			);
			runOnlyForDeploymentPostprocessing = 0;
		};
		2B120DB525C7D2C800F959C2 /* Frameworks */ = {
			isa = PBXFrameworksBuildPhase;
			buildActionMask = 2147483647;
			files = (
				76A2C2336182D2D846751F76 /* Pods_MyCollectionViewTestUITests.framework in Frameworks */,
			);
			runOnlyForDeploymentPostprocessing = 0;
		};
/* End PBXFrameworksBuildPhase section */

/* Begin PBXGroup section */
		2B120D8925C7D2C700F959C2 = {
			isa = PBXGroup;
			children = (
				2B120D9425C7D2C700F959C2 /* MyCollectionViewTest */,
				2B120DB025C7D2C800F959C2 /* MyCollectionViewTestTests */,
				2B120DBB25C7D2C800F959C2 /* MyCollectionViewTestUITests */,
				2B120D9325C7D2C700F959C2 /* Products */,
				8431A718E872A245C4DA4618 /* Pods */,
				815AF7FD71BB090CD571EA5E /* Frameworks */,
			);
			sourceTree = "<group>";
		};
		2B120D9325C7D2C700F959C2 /* Products */ = {
			isa = PBXGroup;
			children = (
				2B120D9225C7D2C700F959C2 /* MyCollectionViewTest.app */,
				2B120DAD25C7D2C800F959C2 /* MyCollectionViewTestTests.xctest */,
				2B120DB825C7D2C800F959C2 /* MyCollectionViewTestUITests.xctest */,
			);
			name = Products;
			sourceTree = "<group>";
		};
		2B120D9425C7D2C700F959C2 /* MyCollectionViewTest */ = {
			isa = PBXGroup;
			children = (
				2B120D9525C7D2C700F959C2 /* AppDelegate.h */,
				2B120D9625C7D2C700F959C2 /* AppDelegate.m */,
				2B120D9825C7D2C700F959C2 /* SceneDelegate.h */,
				2B120D9925C7D2C700F959C2 /* SceneDelegate.m */,
				2B120D9B25C7D2C700F959C2 /* ViewController.h */,
				2B120D9C25C7D2C700F959C2 /* ViewController.m */,
				2B120D9E25C7D2C700F959C2 /* Main.storyboard */,
				2B120DA125C7D2C700F959C2 /* Assets.xcassets */,
				2B120DA325C7D2C700F959C2 /* LaunchScreen.storyboard */,
				2B120DA625C7D2C700F959C2 /* Info.plist */,
				2B120DA725C7D2C700F959C2 /* main.m */,
				2B120DD725C7DDCB00F959C2 /* MyCollectionViewCell.h */,
				2B120DD825C7DDCB00F959C2 /* MyCollectionViewCell.m */,
				2B17B55225C92771009CEDCD /* CircleLayout.h */,
				2B17B55325C92771009CEDCD /* CircleLayout.m */,
				2B17B55825C92DCD009CEDCD /* SecondView.h */,
				2B17B55925C92DCD009CEDCD /* SecondView.m */,
			);
			path = MyCollectionViewTest;
			sourceTree = "<group>";
		};
		2B120DB025C7D2C800F959C2 /* MyCollectionViewTestTests */ = {
			isa = PBXGroup;
			children = (
				2B120DB125C7D2C800F959C2 /* MyCollectionViewTestTests.m */,
				2B120DB325C7D2C800F959C2 /* Info.plist */,
			);
			path = MyCollectionViewTestTests;
			sourceTree = "<group>";
		};
		2B120DBB25C7D2C800F959C2 /* MyCollectionViewTestUITests */ = {
			isa = PBXGroup;
			children = (
				2B120DBC25C7D2C800F959C2 /* MyCollectionViewTestUITests.m */,
				2B120DBE25C7D2C800F959C2 /* Info.plist */,
			);
			path = MyCollectionViewTestUITests;
			sourceTree = "<group>";
		};
		815AF7FD71BB090CD571EA5E /* Frameworks */ = {
			isa = PBXGroup;
			children = (
				13EC770A7A006581454609C8 /* Pods_MyCollectionViewTest.framework */,
				105BE131E9B3DDA80E31F3B8 /* Pods_MyCollectionViewTestTests.framework */,
				2DC3FA1693D1434A9E97DC0F /* Pods_MyCollectionViewTestUITests.framework */,
			);
			name = Frameworks;
			sourceTree = "<group>";
		};
		8431A718E872A245C4DA4618 /* Pods */ = {
			isa = PBXGroup;
			children = (
				DB4265DA3A5E3DA4AB481116 /* Pods-MyCollectionViewTest.debug.xcconfig */,
				759B19BD8631634B5382EC65 /* Pods-MyCollectionViewTest.release.xcconfig */,
				B58BEA8A39E742CCADE068A3 /* Pods-MyCollectionViewTestTests.debug.xcconfig */,
				3DE9DE0F78111D9CAF80AA31 /* Pods-MyCollectionViewTestTests.release.xcconfig */,
				2472B694D6C9822F82DE71EF /* Pods-MyCollectionViewTestUITests.debug.xcconfig */,
				5D4DA62640CFE83D89B2D6D7 /* Pods-MyCollectionViewTestUITests.release.xcconfig */,
			);
			path = Pods;
			sourceTree = "<group>";
		};
/* End PBXGroup section */

/* Begin PBXNativeTarget section */
		2B120D9125C7D2C700F959C2 /* MyCollectionViewTest */ = {
			isa = PBXNativeTarget;
			buildConfigurationList = 2B120DC125C7D2C800F959C2 /* Build configuration list for PBXNativeTarget "MyCollectionViewTest" */;
			buildPhases = (
				B4552009871F457AC89321CB /* [CP] Check Pods Manifest.lock */,
				2B120D8E25C7D2C700F959C2 /* Sources */,
				2B120D8F25C7D2C700F959C2 /* Frameworks */,
				2B120D9025C7D2C700F959C2 /* Resources */,
				147EB7B80F958637700AC4D3 /* [CP] Embed Pods Frameworks */,
			);
			buildRules = (
			);
			dependencies = (
			);
			name = MyCollectionViewTest;
			productName = MyCollectionViewTest;
			productReference = 2B120D9225C7D2C700F959C2 /* MyCollectionViewTest.app */;
			productType = "com.apple.product-type.application";
		};
		2B120DAC25C7D2C800F959C2 /* MyCollectionViewTestTests */ = {
			isa = PBXNativeTarget;
			buildConfigurationList = 2B120DC425C7D2C800F959C2 /* Build configuration list for PBXNativeTarget "MyCollectionViewTestTests" */;
			buildPhases = (
				488F266928C4D7CD6CB427FE /* [CP] Check Pods Manifest.lock */,
				2B120DA925C7D2C800F959C2 /* Sources */,
				2B120DAA25C7D2C800F959C2 /* Frameworks */,
				2B120DAB25C7D2C800F959C2 /* Resources */,
			);
			buildRules = (
			);
			dependencies = (
				2B120DAF25C7D2C800F959C2 /* PBXTargetDependency */,
			);
			name = MyCollectionViewTestTests;
			productName = MyCollectionViewTestTests;
			productReference = 2B120DAD25C7D2C800F959C2 /* MyCollectionViewTestTests.xctest */;
			productType = "com.apple.product-type.bundle.unit-test";
		};
		2B120DB725C7D2C800F959C2 /* MyCollectionViewTestUITests */ = {
			isa = PBXNativeTarget;
			buildConfigurationList = 2B120DC725C7D2C800F959C2 /* Build configuration list for PBXNativeTarget "MyCollectionViewTestUITests" */;
			buildPhases = (
				0CDF7BA4D9DD7CF2DD72DA23 /* [CP] Check Pods Manifest.lock */,
				2B120DB425C7D2C800F959C2 /* Sources */,
				2B120DB525C7D2C800F959C2 /* Frameworks */,
				2B120DB625C7D2C800F959C2 /* Resources */,
			);
			buildRules = (
			);
			dependencies = (
				2B120DBA25C7D2C800F959C2 /* PBXTargetDependency */,
			);
			name = MyCollectionViewTestUITests;
			productName = MyCollectionViewTestUITests;
			productReference = 2B120DB825C7D2C800F959C2 /* MyCollectionViewTestUITests.xctest */;
			productType = "com.apple.product-type.bundle.ui-testing";
		};
/* End PBXNativeTarget section */

/* Begin PBXProject section */
		2B120D8A25C7D2C700F959C2 /* Project object */ = {
			isa = PBXProject;
			attributes = {
				LastUpgradeCheck = 1230;
				TargetAttributes = {
					2B120D9125C7D2C700F959C2 = {
						CreatedOnToolsVersion = 12.3;
					};
					2B120DAC25C7D2C800F959C2 = {
						CreatedOnToolsVersion = 12.3;
						TestTargetID = 2B120D9125C7D2C700F959C2;
					};
					2B120DB725C7D2C800F959C2 = {
						CreatedOnToolsVersion = 12.3;
						TestTargetID = 2B120D9125C7D2C700F959C2;
					};
				};
			};
			buildConfigurationList = 2B120D8D25C7D2C700F959C2 /* Build configuration list for PBXProject "MyCollectionViewTest" */;
			compatibilityVersion = "Xcode 9.3";
			developmentRegion = en;
			hasScannedForEncodings = 0;
			knownRegions = (
				en,
				Base,
			);
			mainGroup = 2B120D8925C7D2C700F959C2;
			productRefGroup = 2B120D9325C7D2C700F959C2 /* Products */;
			projectDirPath = "";
			projectRoot = "";
			targets = (
				2B120D9125C7D2C700F959C2 /* MyCollectionViewTest */,
				2B120DAC25C7D2C800F959C2 /* MyCollectionViewTestTests */,
				2B120DB725C7D2C800F959C2 /* MyCollectionViewTestUITests */,
			);
		};
/* End PBXProject section */

/* Begin PBXResourcesBuildPhase section */
		2B120D9025C7D2C700F959C2 /* Resources */ = {
			isa = PBXResourcesBuildPhase;
			buildActionMask = 2147483647;
			files = (
				2B120DA525C7D2C700F959C2 /* LaunchScreen.storyboard in Resources */,
				2B120DA225C7D2C700F959C2 /* Assets.xcassets in Resources */,
				2B120DA025C7D2C700F959C2 /* Main.storyboard in Resources */,
			);
			runOnlyForDeploymentPostprocessing = 0;
		};
		2B120DAB25C7D2C800F959C2 /* Resources */ = {
			isa = PBXResourcesBuildPhase;
			buildActionMask = 2147483647;
			files = (
			);
			runOnlyForDeploymentPostprocessing = 0;
		};
		2B120DB625C7D2C800F959C2 /* Resources */ = {
			isa = PBXResourcesBuildPhase;
			buildActionMask = 2147483647;
			files = (
			);
			runOnlyForDeploymentPostprocessing = 0;
		};
/* End PBXResourcesBuildPhase section */

/* Begin PBXShellScriptBuildPhase section */
		0CDF7BA4D9DD7CF2DD72DA23 /* [CP] Check Pods Manifest.lock */ = {
			isa = PBXShellScriptBuildPhase;
			buildActionMask = 2147483647;
			files = (
			);
			inputFileListPaths = (
			);
			inputPaths = (
				"${PODS_PODFILE_DIR_PATH}/Podfile.lock",
				"${PODS_ROOT}/Manifest.lock",
			);
			name = "[CP] Check Pods Manifest.lock";
			outputFileListPaths = (
			);
			outputPaths = (
				"$(DERIVED_FILE_DIR)/Pods-MyCollectionViewTestUITests-checkManifestLockResult.txt",
			);
			runOnlyForDeploymentPostprocessing = 0;
			shellPath = /bin/sh;
			shellScript = "diff \"${PODS_PODFILE_DIR_PATH}/Podfile.lock\" \"${PODS_ROOT}/Manifest.lock\" > /dev/null\nif [ $? != 0 ] ; then\n    # print error to STDERR\n    echo \"error: The sandbox is not in sync with the Podfile.lock. Run 'pod install' or update your CocoaPods installation.\" >&2\n    exit 1\nfi\n# This output is used by Xcode 'outputs' to avoid re-running this script phase.\necho \"SUCCESS\" > \"${SCRIPT_OUTPUT_FILE_0}\"\n";
			showEnvVarsInLog = 0;
		};
		147EB7B80F958637700AC4D3 /* [CP] Embed Pods Frameworks */ = {
			isa = PBXShellScriptBuildPhase;
			buildActionMask = 2147483647;
			files = (
			);
			inputFileListPaths = (
				"${PODS_ROOT}/Target Support Files/Pods-MyCollectionViewTest/Pods-MyCollectionViewTest-frameworks-${CONFIGURATION}-input-files.xcfilelist",
			);
			name = "[CP] Embed Pods Frameworks";
			outputFileListPaths = (
				"${PODS_ROOT}/Target Support Files/Pods-MyCollectionViewTest/Pods-MyCollectionViewTest-frameworks-${CONFIGURATION}-output-files.xcfilelist",
			);
			runOnlyForDeploymentPostprocessing = 0;
			shellPath = /bin/sh;
			shellScript = "\"${PODS_ROOT}/Target Support Files/Pods-MyCollectionViewTest/Pods-MyCollectionViewTest-frameworks.sh\"\n";
			showEnvVarsInLog = 0;
		};
		488F266928C4D7CD6CB427FE /* [CP] Check Pods Manifest.lock */ = {
			isa = PBXShellScriptBuildPhase;
			buildActionMask = 2147483647;
			files = (
			);
			inputFileListPaths = (
			);
			inputPaths = (
				"${PODS_PODFILE_DIR_PATH}/Podfile.lock",
				"${PODS_ROOT}/Manifest.lock",
			);
			name = "[CP] Check Pods Manifest.lock";
			outputFileListPaths = (
			);
			outputPaths = (
				"$(DERIVED_FILE_DIR)/Pods-MyCollectionViewTestTests-checkManifestLockResult.txt",
			);
			runOnlyForDeploymentPostprocessing = 0;
			shellPath = /bin/sh;
			shellScript = "diff \"${PODS_PODFILE_DIR_PATH}/Podfile.lock\" \"${PODS_ROOT}/Manifest.lock\" > /dev/null\nif [ $? != 0 ] ; then\n    # print error to STDERR\n    echo \"error: The sandbox is not in sync with the Podfile.lock. Run 'pod install' or update your CocoaPods installation.\" >&2\n    exit 1\nfi\n# This output is used by Xcode 'outputs' to avoid re-running this script phase.\necho \"SUCCESS\" > \"${SCRIPT_OUTPUT_FILE_0}\"\n";
			showEnvVarsInLog = 0;
		};
		B4552009871F457AC89321CB /* [CP] Check Pods Manifest.lock */ = {
			isa = PBXShellScriptBuildPhase;
			buildActionMask = 2147483647;
			files = (
			);
			inputFileListPaths = (
			);
			inputPaths = (
				"${PODS_PODFILE_DIR_PATH}/Podfile.lock",
				"${PODS_ROOT}/Manifest.lock",
			);
			name = "[CP] Check Pods Manifest.lock";
			outputFileListPaths = (
			);
			outputPaths = (
				"$(DERIVED_FILE_DIR)/Pods-MyCollectionViewTest-checkManifestLockResult.txt",
			);
			runOnlyForDeploymentPostprocessing = 0;
			shellPath = /bin/sh;
			shellScript = "diff \"${PODS_PODFILE_DIR_PATH}/Podfile.lock\" \"${PODS_ROOT}/Manifest.lock\" > /dev/null\nif [ $? != 0 ] ; then\n    # print error to STDERR\n    echo \"error: The sandbox is not in sync with the Podfile.lock. Run 'pod install' or update your CocoaPods installation.\" >&2\n    exit 1\nfi\n# This output is used by Xcode 'outputs' to avoid re-running this script phase.\necho \"SUCCESS\" > \"${SCRIPT_OUTPUT_FILE_0}\"\n";
			showEnvVarsInLog = 0;
		};
/* End PBXShellScriptBuildPhase section */

/* Begin PBXSourcesBuildPhase section */
		2B120D8E25C7D2C700F959C2 /* Sources */ = {
			isa = PBXSourcesBuildPhase;
			buildActionMask = 2147483647;
			files = (
				2B120D9D25C7D2C700F959C2 /* ViewController.m in Sources */,
				2B120D9725C7D2C700F959C2 /* AppDelegate.m in Sources */,
				2B17B55A25C92DCD009CEDCD /* SecondView.m in Sources */,
				2B120DA825C7D2C700F959C2 /* main.m in Sources */,
				2B120D9A25C7D2C700F959C2 /* SceneDelegate.m in Sources */,
				2B120DD925C7DDCB00F959C2 /* MyCollectionViewCell.m in Sources */,
				2B17B55425C92771009CEDCD /* CircleLayout.m in Sources */,
			);
			runOnlyForDeploymentPostprocessing = 0;
		};
		2B120DA925C7D2C800F959C2 /* Sources */ = {
			isa = PBXSourcesBuildPhase;
			buildActionMask = 2147483647;
			files = (
				2B120DB225C7D2C800F959C2 /* MyCollectionViewTestTests.m in Sources */,
			);
			runOnlyForDeploymentPostprocessing = 0;
		};
		2B120DB425C7D2C800F959C2 /* Sources */ = {
			isa = PBXSourcesBuildPhase;
			buildActionMask = 2147483647;
			files = (
				2B120DBD25C7D2C800F959C2 /* MyCollectionViewTestUITests.m in Sources */,
			);
			runOnlyForDeploymentPostprocessing = 0;
		};
/* End PBXSourcesBuildPhase section */

/* Begin PBXTargetDependency section */
		2B120DAF25C7D2C800F959C2 /* PBXTargetDependency */ = {
			isa = PBXTargetDependency;
			target = 2B120D9125C7D2C700F959C2 /* MyCollectionViewTest */;
			targetProxy = 2B120DAE25C7D2C800F959C2 /* PBXContainerItemProxy */;
		};
		2B120DBA25C7D2C800F959C2 /* PBXTargetDependency */ = {
			isa = PBXTargetDependency;
			target = 2B120D9125C7D2C700F959C2 /* MyCollectionViewTest */;
			targetProxy = 2B120DB925C7D2C800F959C2 /* PBXContainerItemProxy */;
		};
/* End PBXTargetDependency section */

/* Begin PBXVariantGroup section */
		2B120D9E25C7D2C700F959C2 /* Main.storyboard */ = {
			isa = PBXVariantGroup;
			children = (
				2B120D9F25C7D2C700F959C2 /* Base */,
			);
			name = Main.storyboard;
			sourceTree = "<group>";
		};
		2B120DA325C7D2C700F959C2 /* LaunchScreen.storyboard */ = {
			isa = PBXVariantGroup;
			children = (
				2B120DA425C7D2C700F959C2 /* Base */,
			);
			name = LaunchScreen.storyboard;
			sourceTree = "<group>";
		};
/* End PBXVariantGroup section */

/* Begin XCBuildConfiguration section */
		2B120DBF25C7D2C800F959C2 /* Debug */ = {
			isa = XCBuildConfiguration;
			buildSettings = {
				ALWAYS_SEARCH_USER_PATHS = NO;
				CLANG_ANALYZER_NONNULL = YES;
				CLANG_ANALYZER_NUMBER_OBJECT_CONVERSION = YES_AGGRESSIVE;
				CLANG_CXX_LANGUAGE_STANDARD = "gnu++14";
				CLANG_CXX_LIBRARY = "libc++";
				CLANG_ENABLE_MODULES = YES;
				CLANG_ENABLE_OBJC_ARC = YES;
				CLANG_ENABLE_OBJC_WEAK = YES;
				CLANG_WARN_BLOCK_CAPTURE_AUTORELEASING = YES;
				CLANG_WARN_BOOL_CONVERSION = YES;
				CLANG_WARN_COMMA = YES;
				CLANG_WARN_CONSTANT_CONVERSION = YES;
				CLANG_WARN_DEPRECATED_OBJC_IMPLEMENTATIONS = YES;
				CLANG_WARN_DIRECT_OBJC_ISA_USAGE = YES_ERROR;
				CLANG_WARN_DOCUMENTATION_COMMENTS = YES;
				CLANG_WARN_EMPTY_BODY = YES;
				CLANG_WARN_ENUM_CONVERSION = YES;
				CLANG_WARN_INFINITE_RECURSION = YES;
				CLANG_WARN_INT_CONVERSION = YES;
				CLANG_WARN_NON_LITERAL_NULL_CONVERSION = YES;
				CLANG_WARN_OBJC_IMPLICIT_RETAIN_SELF = YES;
				CLANG_WARN_OBJC_LITERAL_CONVERSION = YES;
				CLANG_WARN_OBJC_ROOT_CLASS = YES_ERROR;
				CLANG_WARN_QUOTED_INCLUDE_IN_FRAMEWORK_HEADER = YES;
				CLANG_WARN_RANGE_LOOP_ANALYSIS = YES;
				CLANG_WARN_STRICT_PROTOTYPES = YES;
				CLANG_WARN_SUSPICIOUS_MOVE = YES;
				CLANG_WARN_UNGUARDED_AVAILABILITY = YES_AGGRESSIVE;
				CLANG_WARN_UNREACHABLE_CODE = YES;
				CLANG_WARN__DUPLICATE_METHOD_MATCH = YES;
				COPY_PHASE_STRIP = NO;
				DEBUG_INFORMATION_FORMAT = dwarf;
				ENABLE_STRICT_OBJC_MSGSEND = YES;
				ENABLE_TESTABILITY = YES;
				GCC_C_LANGUAGE_STANDARD = gnu11;
				GCC_DYNAMIC_NO_PIC = NO;
				GCC_NO_COMMON_BLOCKS = YES;
				GCC_OPTIMIZATION_LEVEL = 0;
				GCC_PREPROCESSOR_DEFINITIONS = (
					"DEBUG=1",
					"$(inherited)",
				);
				GCC_WARN_64_TO_32_BIT_CONVERSION = YES;
				GCC_WARN_ABOUT_RETURN_TYPE = YES_ERROR;
				GCC_WARN_UNDECLARED_SELECTOR = YES;
				GCC_WARN_UNINITIALIZED_AUTOS = YES_AGGRESSIVE;
				GCC_WARN_UNUSED_FUNCTION = YES;
				GCC_WARN_UNUSED_VARIABLE = YES;
				IPHONEOS_DEPLOYMENT_TARGET = 14.3;
				MTL_ENABLE_DEBUG_INFO = INCLUDE_SOURCE;
				MTL_FAST_MATH = YES;
				ONLY_ACTIVE_ARCH = YES;
				SDKROOT = iphoneos;
			};
			name = Debug;
		};
		2B120DC025C7D2C800F959C2 /* Release */ = {
			isa = XCBuildConfiguration;
			buildSettings = {
				ALWAYS_SEARCH_USER_PATHS = NO;
				CLANG_ANALYZER_NONNULL = YES;
				CLANG_ANALYZER_NUMBER_OBJECT_CONVERSION = YES_AGGRESSIVE;
				CLANG_CXX_LANGUAGE_STANDARD = "gnu++14";
				CLANG_CXX_LIBRARY = "libc++";
				CLANG_ENABLE_MODULES = YES;
				CLANG_ENABLE_OBJC_ARC = YES;
				CLANG_ENABLE_OBJC_WEAK = YES;
				CLANG_WARN_BLOCK_CAPTURE_AUTORELEASING = YES;
				CLANG_WARN_BOOL_CONVERSION = YES;
				CLANG_WARN_COMMA = YES;
				CLANG_WARN_CONSTANT_CONVERSION = YES;
				CLANG_WARN_DEPRECATED_OBJC_IMPLEMENTATIONS = YES;
				CLANG_WARN_DIRECT_OBJC_ISA_USAGE = YES_ERROR;
				CLANG_WARN_DOCUMENTATION_COMMENTS = YES;
				CLANG_WARN_EMPTY_BODY = YES;
				CLANG_WARN_ENUM_CONVERSION = YES;
				CLANG_WARN_INFINITE_RECURSION = YES;
				CLANG_WARN_INT_CONVERSION = YES;
				CLANG_WARN_NON_LITERAL_NULL_CONVERSION = YES;
				CLANG_WARN_OBJC_IMPLICIT_RETAIN_SELF = YES;
				CLANG_WARN_OBJC_LITERAL_CONVERSION = YES;
				CLANG_WARN_OBJC_ROOT_CLASS = YES_ERROR;
				CLANG_WARN_QUOTED_INCLUDE_IN_FRAMEWORK_HEADER = YES;
				CLANG_WARN_RANGE_LOOP_ANALYSIS = YES;
				CLANG_WARN_STRICT_PROTOTYPES = YES;
				CLANG_WARN_SUSPICIOUS_MOVE = YES;
				CLANG_WARN_UNGUARDED_AVAILABILITY = YES_AGGRESSIVE;
				CLANG_WARN_UNREACHABLE_CODE = YES;
				CLANG_WARN__DUPLICATE_METHOD_MATCH = YES;
				COPY_PHASE_STRIP = NO;
				DEBUG_INFORMATION_FORMAT = "dwarf-with-dsym";
				ENABLE_NS_ASSERTIONS = NO;
				ENABLE_STRICT_OBJC_MSGSEND = YES;
				GCC_C_LANGUAGE_STANDARD = gnu11;
				GCC_NO_COMMON_BLOCKS = YES;
				GCC_WARN_64_TO_32_BIT_CONVERSION = YES;
				GCC_WARN_ABOUT_RETURN_TYPE = YES_ERROR;
				GCC_WARN_UNDECLARED_SELECTOR = YES;
				GCC_WARN_UNINITIALIZED_AUTOS = YES_AGGRESSIVE;
				GCC_WARN_UNUSED_FUNCTION = YES;
				GCC_WARN_UNUSED_VARIABLE = YES;
				IPHONEOS_DEPLOYMENT_TARGET = 14.3;
				MTL_ENABLE_DEBUG_INFO = NO;
				MTL_FAST_MATH = YES;
				SDKROOT = iphoneos;
				VALIDATE_PRODUCT = YES;
			};
			name = Release;
		};
		2B120DC225C7D2C800F959C2 /* Debug */ = {
			isa = XCBuildConfiguration;
			baseConfigurationReference = DB4265DA3A5E3DA4AB481116 /* Pods-MyCollectionViewTest.debug.xcconfig */;
			buildSettings = {
				ASSETCATALOG_COMPILER_APPICON_NAME = AppIcon;
				ASSETCATALOG_COMPILER_GLOBAL_ACCENT_COLOR_NAME = AccentColor;
				CODE_SIGN_STYLE = Automatic;
				INFOPLIST_FILE = MyCollectionViewTest/Info.plist;
				LD_RUNPATH_SEARCH_PATHS = (
					"$(inherited)",
					"@executable_path/Frameworks",
				);
				PRODUCT_BUNDLE_IDENTIFIER = cn.ByteDance.MyCollectionViewTest;
				PRODUCT_NAME = "$(TARGET_NAME)";
				TARGETED_DEVICE_FAMILY = "1,2";
			};
			name = Debug;
		};
		2B120DC325C7D2C800F959C2 /* Release */ = {
			isa = XCBuildConfiguration;
			baseConfigurationReference = 759B19BD8631634B5382EC65 /* Pods-MyCollectionViewTest.release.xcconfig */;
			buildSettings = {
				ASSETCATALOG_COMPILER_APPICON_NAME = AppIcon;
				ASSETCATALOG_COMPILER_GLOBAL_ACCENT_COLOR_NAME = AccentColor;
				CODE_SIGN_STYLE = Automatic;
				INFOPLIST_FILE = MyCollectionViewTest/Info.plist;
				LD_RUNPATH_SEARCH_PATHS = (
					"$(inherited)",
					"@executable_path/Frameworks",
				);
				PRODUCT_BUNDLE_IDENTIFIER = cn.ByteDance.MyCollectionViewTest;
				PRODUCT_NAME = "$(TARGET_NAME)";
				TARGETED_DEVICE_FAMILY = "1,2";
			};
			name = Release;
		};
		2B120DC525C7D2C800F959C2 /* Debug */ = {
			isa = XCBuildConfiguration;
			baseConfigurationReference = B58BEA8A39E742CCADE068A3 /* Pods-MyCollectionViewTestTests.debug.xcconfig */;
			buildSettings = {
				BUNDLE_LOADER = "$(TEST_HOST)";
				CODE_SIGN_STYLE = Automatic;
				INFOPLIST_FILE = MyCollectionViewTestTests/Info.plist;
				IPHONEOS_DEPLOYMENT_TARGET = 14.3;
				LD_RUNPATH_SEARCH_PATHS = (
					"$(inherited)",
					"@executable_path/Frameworks",
					"@loader_path/Frameworks",
				);
				PRODUCT_BUNDLE_IDENTIFIER = cn.ByteDance.MyCollectionViewTestTests;
				PRODUCT_NAME = "$(TARGET_NAME)";
				TARGETED_DEVICE_FAMILY = "1,2";
				TEST_HOST = "$(BUILT_PRODUCTS_DIR)/MyCollectionViewTest.app/MyCollectionViewTest";
			};
			name = Debug;
		};
		2B120DC625C7D2C800F959C2 /* Release */ = {
			isa = XCBuildConfiguration;
			baseConfigurationReference = 3DE9DE0F78111D9CAF80AA31 /* Pods-MyCollectionViewTestTests.release.xcconfig */;
			buildSettings = {
				BUNDLE_LOADER = "$(TEST_HOST)";
				CODE_SIGN_STYLE = Automatic;
				INFOPLIST_FILE = MyCollectionViewTestTests/Info.plist;
				IPHONEOS_DEPLOYMENT_TARGET = 14.3;
				LD_RUNPATH_SEARCH_PATHS = (
					"$(inherited)",
					"@executable_path/Frameworks",
					"@loader_path/Frameworks",
				);
				PRODUCT_BUNDLE_IDENTIFIER = cn.ByteDance.MyCollectionViewTestTests;
				PRODUCT_NAME = "$(TARGET_NAME)";
				TARGETED_DEVICE_FAMILY = "1,2";
				TEST_HOST = "$(BUILT_PRODUCTS_DIR)/MyCollectionViewTest.app/MyCollectionViewTest";
			};
			name = Release;
		};
		2B120DC825C7D2C800F959C2 /* Debug */ = {
			isa = XCBuildConfiguration;
			baseConfigurationReference = 2472B694D6C9822F82DE71EF /* Pods-MyCollectionViewTestUITests.debug.xcconfig */;
			buildSettings = {
				CODE_SIGN_STYLE = Automatic;
				INFOPLIST_FILE = MyCollectionViewTestUITests/Info.plist;
				LD_RUNPATH_SEARCH_PATHS = (
					"$(inherited)",
					"@executable_path/Frameworks",
					"@loader_path/Frameworks",
				);
				PRODUCT_BUNDLE_IDENTIFIER = cn.ByteDance.MyCollectionViewTestUITests;
				PRODUCT_NAME = "$(TARGET_NAME)";
				TARGETED_DEVICE_FAMILY = "1,2";
				TEST_TARGET_NAME = MyCollectionViewTest;
			};
			name = Debug;
		};
		2B120DC925C7D2C800F959C2 /* Release */ = {
			isa = XCBuildConfiguration;
			baseConfigurationReference = 5D4DA62640CFE83D89B2D6D7 /* Pods-MyCollectionViewTestUITests.release.xcconfig */;
			buildSettings = {
				CODE_SIGN_STYLE = Automatic;
				INFOPLIST_FILE = MyCollectionViewTestUITests/Info.plist;
				LD_RUNPATH_SEARCH_PATHS = (
					"$(inherited)",
					"@executable_path/Frameworks",
					"@loader_path/Frameworks",
				);
				PRODUCT_BUNDLE_IDENTIFIER = cn.ByteDance.MyCollectionViewTestUITests;
				PRODUCT_NAME = "$(TARGET_NAME)";
				TARGETED_DEVICE_FAMILY = "1,2";
				TEST_TARGET_NAME = MyCollectionViewTest;
			};
			name = Release;
		};
/* End XCBuildConfiguration section */

/* Begin XCConfigurationList section */
		2B120D8D25C7D2C700F959C2 /* Build configuration list for PBXProject "MyCollectionViewTest" */ = {
			isa = XCConfigurationList;
			buildConfigurations = (
				2B120DBF25C7D2C800F959C2 /* Debug */,
				2B120DC025C7D2C800F959C2 /* Release */,
			);
			defaultConfigurationIsVisible = 0;
			defaultConfigurationName = Release;
		};
		2B120DC125C7D2C800F959C2 /* Build configuration list for PBXNativeTarget "MyCollectionViewTest" */ = {
			isa = XCConfigurationList;
			buildConfigurations = (
				2B120DC225C7D2C800F959C2 /* Debug */,
				2B120DC325C7D2C800F959C2 /* Release */,
			);
			defaultConfigurationIsVisible = 0;
			defaultConfigurationName = Release;
		};
		2B120DC425C7D2C800F959C2 /* Build configuration list for PBXNativeTarget "MyCollectionViewTestTests" */ = {
			isa = XCConfigurationList;
			buildConfigurations = (
				2B120DC525C7D2C800F959C2 /* Debug */,
				2B120DC625C7D2C800F959C2 /* Release */,
			);
			defaultConfigurationIsVisible = 0;
			defaultConfigurationName = Release;
		};
		2B120DC725C7D2C800F959C2 /* Build configuration list for PBXNativeTarget "MyCollectionViewTestUITests" */ = {
			isa = XCConfigurationList;
			buildConfigurations = (
				2B120DC825C7D2C800F959C2 /* Debug */,
				2B120DC925C7D2C800F959C2 /* Release */,
			);
			defaultConfigurationIsVisible = 0;
			defaultConfigurationName = Release;
		};
/* End XCConfigurationList section */
	};
	rootObject = 2B120D8A25C7D2C700F959C2 /* Project object */;
}
